{
  "version": 2,
  "dependencies": {
    "net10.0": {
      "ErrorProne.NET.CoreAnalyzers": {
        "type": "Direct",
        "requested": "[0.1.2, )",
        "resolved": "0.1.2",
        "contentHash": "RQdzUtFVhwLwisP2Du7Ugm7ldwAzc+QJrlZWNIwHXcgq4b5fLwZgdN1203RdYiHS8OOALophC6yWekxu3UgN2g=="
      },
      "Meziantou.Analyzer": {
        "type": "Direct",
        "requested": "[3.0.263, )",
        "resolved": "3.0.263",
        "contentHash": "FqZ1OqrTlq2AAPd7Vu6xGu+rqWzqbLgSmSGWIPntLsbqvwks8xjBZ9sc/ggTnSvF/jDYxqa1jxWR8mGp1DU8QA=="
      },
      "Microsoft.CodeAnalysis.BannedApiAnalyzers": {
        "type": "Direct",
        "requested": "[4.14.0, )",
        "resolved": "4.14.0",
        "contentHash": "gSWJlDWwmDhtbrEJGiHqvEjz9KthIiFD0qYB8zZ6a7z+xpMSPEtM9yTYELSa58iFWYlzSRqP9FXO6KoT3+ZMtg=="
      },
      "Microsoft.CodeAnalysis.NetAnalyzers": {
        "type": "Direct",
        "requested": "[10.0.401, )",
        "resolved": "10.0.401",
        "contentHash": "qGPLk4hknvVp6j9Lowa0qykw1cK7CyEyyy2aVs4dkOGroOMHJLRsMpUT53IKvYT6q78jxv96FZhzy3BrKCPgmA=="
      },
      "Microsoft.Sbom.Targets": {
        "type": "Direct",
        "requested": "[4.1.12, )",
        "resolved": "4.1.12",
        "contentHash": "LMQwnMxrQkZWXRKCE0KXfDJraAwRpVgldtGdLQrYBvKP46m5+Ugiudw36JJy3N6ZUBuFHFiSOkubZh3BDL7j6Q=="
      },
      "Polyfill": {
        "type": "Direct",
        "requested": "[11.4.0, )",
        "resolved": "11.4.0",
        "contentHash": "BZQ7tQW61+Kzlcj2QUQr0KaWAg0CPxdFF9kkiBMYTnCdyShha5ObkEFxBa+HcnAg6CtbeApPTMaxSI9By0QE4g=="
      }
    }
  }
}