{
  "version": 2,
  "dependencies": {
    "net10.0": {
      "ErrorProne.NET.CoreAnalyzers": {
        "type": "Direct",
        "requested": "[0.1.2, )",
        "resolved": "0.1.2",
        "contentHash": "RQdzUtFVhwLwisP2Du7Ugm7ldwAzc+QJrlZWNIwHXcgq4b5fLwZgdN1203RdYiHS8OOALophC6yWekxu3UgN2g=="
      },
      "Meziantou.Analyzer": {
        "type": "Direct",
        "requested": "[3.0.235, )",
        "resolved": "3.0.235",
        "contentHash": "z4jo0a7vcp5Q0XSuTz/nZo16mzhjoa31W+Vgc/7f/ra5I5DFnRuVp8QwtS/dL/VsUZaxVq4c2NLIi3pzg9vwfg=="
      },
      "Microsoft.CodeAnalysis.BannedApiAnalyzers": {
        "type": "Direct",
        "requested": "[4.14.0, )",
        "resolved": "4.14.0",
        "contentHash": "gSWJlDWwmDhtbrEJGiHqvEjz9KthIiFD0qYB8zZ6a7z+xpMSPEtM9yTYELSa58iFWYlzSRqP9FXO6KoT3+ZMtg=="
      },
      "Microsoft.CodeAnalysis.NetAnalyzers": {
        "type": "Direct",
        "requested": "[10.0.401, )",
        "resolved": "10.0.401",
        "contentHash": "qGPLk4hknvVp6j9Lowa0qykw1cK7CyEyyy2aVs4dkOGroOMHJLRsMpUT53IKvYT6q78jxv96FZhzy3BrKCPgmA=="
      },
      "Microsoft.NET.ILLink.Tasks": {
        "type": "Direct",
        "requested": "[10.0.12, )",
        "resolved": "10.0.12",
        "contentHash": "xi+BDjFpW+Sb+MHFHaH6Y/gV9I8BluFwRXc1QyCdoZbIK26eNiBeFuMTe/FMwc33G1wdHCyDg7CVTmb8OdQrMQ=="
      },
      "Microsoft.Sbom.Targets": {
        "type": "Direct",
        "requested": "[4.1.5, )",
        "resolved": "4.1.5",
        "contentHash": "i5z+cNu/cOcdO0AgFB8aXk8w6In2H+haaDfSgd9ImvQIK+rSHavHZIogVoAZLL8jLwYx4bAcs5b7EyuMMG4mQQ=="
      },
      "Polyfill": {
        "type": "Direct",
        "requested": "[11.3.0, )",
        "resolved": "11.3.0",
        "contentHash": "bSmvuJftFcVuh6dn3TL3upLzk5rNuFZgzuZgM+7YGOvTL3xihd038i1IpqywikM/2Jnh/TOc+DIWGhfjTEjMHA=="
      },
      "Reqnroll": {
        "type": "Direct",
        "requested": "[3.3.4, )",
        "resolved": "3.3.4",
        "contentHash": "tFFx0xACekjT9F/aFZjQMNTbaxy7zNU4uXFXvU1Eybuko2Rx1RLCAzN+uPDiDxsGB/Nd0wZC0M8Ho5i9xm8Jdg==",
        "dependencies": {
          "Cucumber.CucumberExpressions": "17.1.0",
          "Cucumber.HtmlFormatter": "22.2.0",
          "Cucumber.Messages": "30.1.0",
          "Gherkin": "35.0.0",
          "Microsoft.Bcl.AsyncInterfaces": "9.0.6",
          "Microsoft.Extensions.DependencyModel": "8.0.2"
        }
      },
      "Cucumber.CucumberExpressions": {
        "type": "Transitive",
        "resolved": "17.1.0",
        "contentHash": "IZFDLLwrUCKuGDXQzmAWZa+kQFpVmVwWD8wEl0UWGOR83UQfzqg8hZeSSNUOXlW0Kh3vMO6kEm3FpNC4amKMaw=="
      },
      "Cucumber.HtmlFormatter": {
        "type": "Transitive",
        "resolved": "22.2.0",
        "contentHash": "hlP9GGzRADDKh0/GEt2aWD9G08qEDD4z6TC6iqJt3xH8kiU3iAbg1rOCtorN13zNdaaVxdraHzznWTMT/DnM1g==",
        "dependencies": {
          "Cucumber.Messages": "30.1.0"
        }
      },
      "Cucumber.Messages": {
        "type": "Transitive",
        "resolved": "30.1.0",
        "contentHash": "HDfIzDd7JFDEwiNHpgOHBPEiyVjXQws+CEnVb+Lwiq58jHNA/xYwmTswbqknOxcAejCRFP1de/hHHw+ZuTzV6A=="
      },
      "Gherkin": {
        "type": "Transitive",
        "resolved": "35.0.0",
        "contentHash": "ha+QNevQsXEESbzazUceHTCtKOjoBTBa8kLFdKpu6vSEbb3UMt3a55RG78tIoU/C4qzIqX3jQxaIdIcYGO+IWQ==",
        "dependencies": {
          "Cucumber.Messages": "29.0.1"
        }
      },
      "Microsoft.Bcl.AsyncInterfaces": {
        "type": "Transitive",
        "resolved": "9.0.6",
        "contentHash": "82rLw487j5jBXEi2r3WvA/cagOhcRREVRtet6izzjDMY+i392W5oNSN2KCtuIvlTpyMONEUD0MIlGAgDdsvQ/w=="
      },
      "Microsoft.Extensions.AmbientMetadata.Application": {
        "type": "Transitive",
        "resolved": "10.10.0",
        "contentHash": "Sa4xD2ab5yNRJYt4piS05C9b5Gpd1G3TZpvVJFgHyqLYdRThUNLcLHpREI4yjkmElCjHXoPcF+SHUim9cZ8cvQ==",
        "dependencies": {
          "Microsoft.Extensions.Configuration": "10.0.12",
          "Microsoft.Extensions.Hosting.Abstractions": "10.0.12",
          "Microsoft.Extensions.Options.ConfigurationExtensions": "10.0.12"
        }
      },
      "Microsoft.Extensions.Configuration.Binder": {
        "type": "Transitive",
        "resolved": "10.0.12",
        "contentHash": "dAgIf1TOr8KLs+aBRIbXUZBjHoSH4rDG8+XkX/Q6AZwkQdMA0+yPDKTHsieeXdZDfpOpZVHzOnuAb5Z2nX3KsA==",
        "dependencies": {
          "Microsoft.Extensions.Configuration": "10.0.12",
          "Microsoft.Extensions.Configuration.Abstractions": "10.0.12"
        }
      },
      "Microsoft.Extensions.DependencyInjection": {
        "type": "Transitive",
        "resolved": "10.0.12",
        "contentHash": "lXyK2O5GoYvfxW8eCFcD16JFbcoSTM1sJkAM0UHS1jZyl9NYMW64Tqm6OQFT0IDBjZi+xHt95/Zg+nxZhGFhZg==",
        "dependencies": {
          "Microsoft.Extensions.DependencyInjection.Abstractions": "10.0.12"
        }
      },
      "Microsoft.Extensions.DependencyInjection.AutoActivation": {
        "type": "Transitive",
        "resolved": "10.10.0",
        "contentHash": "AJ2lFnzzJkN2ZRvfPBKQ5k3EJFkhmsm1tEhWzK58KsxU+WK3GVOh/5WHUhQ56TWjnxGZCGgr0+U1QUuJ4rJVuA==",
        "dependencies": {
          "Microsoft.Extensions.Hosting.Abstractions": "10.0.12"
        }
      },
      "Microsoft.Extensions.DependencyModel": {
        "type": "Transitive",
        "resolved": "8.0.2",
        "contentHash": "mUBDZZRgZrSyFOsJ2qJJ9fXfqd/kXJwf3AiDoqLD9m6TjY5OO/vLNOb9fb4juC0487eq4hcGN/M2Rh/CKS7QYw=="
      },
      "Microsoft.Extensions.Diagnostics.Abstractions": {
        "type": "Transitive",
        "resolved": "10.0.12",
        "contentHash": "fMp91qlRlMOuHfMyp7LuAnOS+MOeWTF1obJmyFcs4nZCXu6pr+QB1AbFJcl2qpBltBrqF/Y7+Rn9IuNcSuctig==",
        "dependencies": {
          "Microsoft.Extensions.DependencyInjection.Abstractions": "10.0.12",
          "Microsoft.Extensions.Options": "10.0.12"
        }
      },
      "Microsoft.Extensions.FileProviders.Abstractions": {
        "type": "Transitive",
        "resolved": "10.0.12",
        "contentHash": "iQseV6HixWzEYQH4i++84ToIroXnM5jC1TJF4EqBz3lWNG1HBTMYDLkRb6Wm3wk5V6WqSfl7NukO/LYsloGyfg==",
        "dependencies": {
          "Microsoft.Extensions.Primitives": "10.0.12"
        }
      },
      "Microsoft.Extensions.Logging": {
        "type": "Transitive",
        "resolved": "10.0.12",
        "contentHash": "6I46fTPfgYkrjRYfRXbho9WOvOelTnNjWuZws/hzGHDASH1LEJeA4VKK9k3wJvido8o7jJSB5WkMTonX7HM1bA==",
        "dependencies": {
          "Microsoft.Extensions.DependencyInjection": "10.0.12",
          "Microsoft.Extensions.Logging.Abstractions": "10.0.12",
          "Microsoft.Extensions.Options": "10.0.12"
        }
      },
      "Microsoft.Extensions.Logging.Configuration": {
        "type": "Transitive",
        "resolved": "10.0.12",
        "contentHash": "CLHWfKQZWFE6fSzRXfjd4UlGveckkfPtwx/p5yF/o3hEkMSzGsl7MSxNAkI19hjw0rprBqrQC09Dwy6Lh6kweA==",
        "dependencies": {
          "Microsoft.Extensions.Configuration": "10.0.12",
          "Microsoft.Extensions.Configuration.Abstractions": "10.0.12",
          "Microsoft.Extensions.Configuration.Binder": "10.0.12",
          "Microsoft.Extensions.DependencyInjection.Abstractions": "10.0.12",
          "Microsoft.Extensions.Logging": "10.0.12",
          "Microsoft.Extensions.Logging.Abstractions": "10.0.12",
          "Microsoft.Extensions.Options": "10.0.12",
          "Microsoft.Extensions.Options.ConfigurationExtensions": "10.0.12"
        }
      },
      "Microsoft.Extensions.Primitives": {
        "type": "Transitive",
        "resolved": "10.0.12",
        "contentHash": "dYfCLR52UA+3DL7C4I/pvSaRPkNqxrUAQmbFL2u0zvYKKzqgrFCJl08Df+F1aYc8leu9JvpC9bsURUdpExcBXQ=="
      },
      "ark.tools.compliance": {
        "type": "Project",
        "dependencies": {
          "Microsoft.Extensions.Compliance.Abstractions": "[10.10.0, )",
          "Microsoft.Extensions.Compliance.Redaction": "[10.10.0, )",
          "Microsoft.Extensions.Telemetry": "[10.10.0, )"
        }
      },
      "Microsoft.Extensions.Compliance.Abstractions": {
        "type": "CentralTransitive",
        "requested": "[10.10.0, )",
        "resolved": "10.10.0",
        "contentHash": "Sh3ujDRJpCMNY4x+43ljCROt4qBOoWfsL8l816RPYZS1S+Tw277r5002rbB15Sh6hFcCT8mGYBO7NtpfSYrQ0Q==",
        "dependencies": {
          "Microsoft.Extensions.DependencyInjection.Abstractions": "10.0.12",
          "Microsoft.Extensions.ObjectPool": "10.0.12"
        }
      },
      "Microsoft.Extensions.Compliance.Redaction": {
        "type": "CentralTransitive",
        "requested": "[10.10.0, )",
        "resolved": "10.10.0",
        "contentHash": "RW0HuSIl5CH/SSLa31MIKc6LPmy3DjtJmf/5LjTTKMmwBeNex6ZnF1Q46vzklAPSQ2BDu/MHL/6G5CBoyWLQAA==",
        "dependencies": {
          "Microsoft.Extensions.Compliance.Abstractions": "10.10.0",
          "Microsoft.Extensions.Options.ConfigurationExtensions": "10.0.12"
        }
      },
      "Microsoft.Extensions.Configuration": {
        "type": "CentralTransitive",
        "requested": "[10.0.12, )",
        "resolved": "10.0.12",
        "contentHash": "e3IPP32CRNL031VZJAUTlCTG0YN7WFh4mN3fsSHTDQCJB+3+f0jGycv4fXk3rrftaY3B85XrQaj7sRthrOsavg==",
        "dependencies": {
          "Microsoft.Extensions.Configuration.Abstractions": "10.0.12",
          "Microsoft.Extensions.Primitives": "10.0.12"
        }
      },
      "Microsoft.Extensions.Configuration.Abstractions": {
        "type": "CentralTransitive",
        "requested": "[10.0.12, )",
        "resolved": "10.0.12",
        "contentHash": "8xaGcvS/qZ1otoxPQCEJkNva389CVL/plNcvIETZhQTETYdRkYDPEYhUMoAGONo4FU45ufdfE0j29AfWVVj0wA==",
        "dependencies": {
          "Microsoft.Extensions.Primitives": "10.0.12"
        }
      },
      "Microsoft.Extensions.DependencyInjection.Abstractions": {
        "type": "CentralTransitive",
        "requested": "[10.0.12, )",
        "resolved": "10.0.12",
        "contentHash": "9/qymSh7hVDMGTGwrLz8MRp5zRyXy9adGDOs4HwRdnLil3oZGYuWeZjbmHgCQ9BL1qBroVfgUK3U/nb61617Cw=="
      },
      "Microsoft.Extensions.Hosting.Abstractions": {
        "type": "CentralTransitive",
        "requested": "[10.0.12, )",
        "resolved": "10.0.12",
        "contentHash": "ZlIxIJtWmrph0Ikj0svSaTkZ+d+ZYpTAhazpf1b3aoFRmlNnNWwkcvqnqT9yKHjKvfBRthvUrkq11OxfItOhpg==",
        "dependencies": {
          "Microsoft.Extensions.Configuration.Abstractions": "10.0.12",
          "Microsoft.Extensions.DependencyInjection.Abstractions": "10.0.12",
          "Microsoft.Extensions.Diagnostics.Abstractions": "10.0.12",
          "Microsoft.Extensions.FileProviders.Abstractions": "10.0.12",
          "Microsoft.Extensions.Logging.Abstractions": "10.0.12"
        }
      },
      "Microsoft.Extensions.Logging.Abstractions": {
        "type": "CentralTransitive",
        "requested": "[10.0.12, )",
        "resolved": "10.0.12",
        "contentHash": "+24lC4plfbEDNfLAdTV/SWKS7dW+16X4HdydO3R++134kSNTzcbYA4KpR1Hdh6uWisB8Za3AzwyOn+K+NxWIug==",
        "dependencies": {
          "Microsoft.Extensions.DependencyInjection.Abstractions": "10.0.12"
        }
      },
      "Microsoft.Extensions.ObjectPool": {
        "type": "CentralTransitive",
        "requested": "[10.0.12, )",
        "resolved": "10.0.12",
        "contentHash": "opBULzn9F7ZOL8EoFuqM2QjI6x9AG04DFNdnU2ky/kI4aUzbiXEfuy9jvCuu3D/ieccuDHTlalyC62esPD8wGg=="
      },
      "Microsoft.Extensions.Options": {
        "type": "CentralTransitive",
        "requested": "[10.0.12, )",
        "resolved": "10.0.12",
        "contentHash": "TDYD33TSRpXKZWlmTXNlj5kCihxatmv2Ec1u6C+bMYLphCS7PoSLE9Pjd/nunDoE7yETk+LLKjVJX78HYtWjpA==",
        "dependencies": {
          "Microsoft.Extensions.DependencyInjection.Abstractions": "10.0.12",
          "Microsoft.Extensions.Primitives": "10.0.12"
        }
      },
      "Microsoft.Extensions.Options.ConfigurationExtensions": {
        "type": "CentralTransitive",
        "requested": "[10.0.12, )",
        "resolved": "10.0.12",
        "contentHash": "rqpu4qj5WE9x1IHGXSIgHBKi7IUlQaHyp4aXCYIanG2OghlUMFZpZTgExaXwcvmLAJHsxKQWMPpc7D2WIbCVtA==",
        "dependencies": {
          "Microsoft.Extensions.Configuration.Abstractions": "10.0.12",
          "Microsoft.Extensions.Configuration.Binder": "10.0.12",
          "Microsoft.Extensions.DependencyInjection.Abstractions": "10.0.12",
          "Microsoft.Extensions.Options": "10.0.12",
          "Microsoft.Extensions.Primitives": "10.0.12"
        }
      },
      "Microsoft.Extensions.Telemetry": {
        "type": "CentralTransitive",
        "requested": "[10.10.0, )",
        "resolved": "10.10.0",
        "contentHash": "GeJofTliWSVoYAeTfRbnp+TaOUl502yZIcZ+qHFiyOoAIzwTk12eKypnSR9uN2oiHgGW32Y0XN1i+VaQizl0IQ==",
        "dependencies": {
          "Microsoft.Extensions.AmbientMetadata.Application": "10.10.0",
          "Microsoft.Extensions.DependencyInjection.AutoActivation": "10.10.0",
          "Microsoft.Extensions.Logging.Configuration": "10.0.12",
          "Microsoft.Extensions.ObjectPool": "10.0.12",
          "Microsoft.Extensions.Telemetry.Abstractions": "10.10.0"
        }
      },
      "Microsoft.Extensions.Telemetry.Abstractions": {
        "type": "CentralTransitive",
        "requested": "[10.10.0, )",
        "resolved": "10.10.0",
        "contentHash": "I76SAZ95I5lYh4whVZvLpKhpvHI1o21FfGqiASU85GtIVA4ULv+TVIE5+swKhnC63+xI4XjCcIWa9LbyR3pFNw==",
        "dependencies": {
          "Microsoft.Extensions.Compliance.Abstractions": "10.10.0",
          "Microsoft.Extensions.Logging.Abstractions": "10.0.12",
          "Microsoft.Extensions.ObjectPool": "10.0.12",
          "Microsoft.Extensions.Options": "10.0.12"
        }
      }
    },
    "net8.0": {
      "ErrorProne.NET.CoreAnalyzers": {
        "type": "Direct",
        "requested": "[0.1.2, )",
        "resolved": "0.1.2",
        "contentHash": "RQdzUtFVhwLwisP2Du7Ugm7ldwAzc+QJrlZWNIwHXcgq4b5fLwZgdN1203RdYiHS8OOALophC6yWekxu3UgN2g=="
      },
      "Meziantou.Analyzer": {
        "type": "Direct",
        "requested": "[3.0.235, )",
        "resolved": "3.0.235",
        "contentHash": "z4jo0a7vcp5Q0XSuTz/nZo16mzhjoa31W+Vgc/7f/ra5I5DFnRuVp8QwtS/dL/VsUZaxVq4c2NLIi3pzg9vwfg=="
      },
      "Microsoft.CodeAnalysis.BannedApiAnalyzers": {
        "type": "Direct",
        "requested": "[4.14.0, )",
        "resolved": "4.14.0",
        "contentHash": "gSWJlDWwmDhtbrEJGiHqvEjz9KthIiFD0qYB8zZ6a7z+xpMSPEtM9yTYELSa58iFWYlzSRqP9FXO6KoT3+ZMtg=="
      },
      "Microsoft.CodeAnalysis.NetAnalyzers": {
        "type": "Direct",
        "requested": "[10.0.401, )",
        "resolved": "10.0.401",
        "contentHash": "qGPLk4hknvVp6j9Lowa0qykw1cK7CyEyyy2aVs4dkOGroOMHJLRsMpUT53IKvYT6q78jxv96FZhzy3BrKCPgmA=="
      },
      "Microsoft.NET.ILLink.Tasks": {
        "type": "Direct",
        "requested": "[8.0.31, )",
        "resolved": "8.0.31",
        "contentHash": "OJdAGATV2QoVWL11zlDLEluA06q8rK+cgZR47ohrO8V+Qj5z9dlvN7bG9/0e5t0IOe+yD8tREC0bpsEgDGrzIQ=="
      },
      "Microsoft.Sbom.Targets": {
        "type": "Direct",
        "requested": "[4.1.5, )",
        "resolved": "4.1.5",
        "contentHash": "i5z+cNu/cOcdO0AgFB8aXk8w6In2H+haaDfSgd9ImvQIK+rSHavHZIogVoAZLL8jLwYx4bAcs5b7EyuMMG4mQQ=="
      },
      "Polyfill": {
        "type": "Direct",
        "requested": "[11.3.0, )",
        "resolved": "11.3.0",
        "contentHash": "bSmvuJftFcVuh6dn3TL3upLzk5rNuFZgzuZgM+7YGOvTL3xihd038i1IpqywikM/2Jnh/TOc+DIWGhfjTEjMHA=="
      },
      "Reqnroll": {
        "type": "Direct",
        "requested": "[3.3.4, )",
        "resolved": "3.3.4",
        "contentHash": "tFFx0xACekjT9F/aFZjQMNTbaxy7zNU4uXFXvU1Eybuko2Rx1RLCAzN+uPDiDxsGB/Nd0wZC0M8Ho5i9xm8Jdg==",
        "dependencies": {
          "Cucumber.CucumberExpressions": "17.1.0",
          "Cucumber.HtmlFormatter": "22.2.0",
          "Cucumber.Messages": "30.1.0",
          "Gherkin": "35.0.0",
          "Microsoft.Bcl.AsyncInterfaces": "9.0.6",
          "Microsoft.Extensions.DependencyModel": "8.0.2",
          "System.Threading.Channels": "9.0.6"
        }
      },
      "Cucumber.CucumberExpressions": {
        "type": "Transitive",
        "resolved": "17.1.0",
        "contentHash": "IZFDLLwrUCKuGDXQzmAWZa+kQFpVmVwWD8wEl0UWGOR83UQfzqg8hZeSSNUOXlW0Kh3vMO6kEm3FpNC4amKMaw=="
      },
      "Cucumber.HtmlFormatter": {
        "type": "Transitive",
        "resolved": "22.2.0",
        "contentHash": "hlP9GGzRADDKh0/GEt2aWD9G08qEDD4z6TC6iqJt3xH8kiU3iAbg1rOCtorN13zNdaaVxdraHzznWTMT/DnM1g==",
        "dependencies": {
          "Cucumber.Messages": "30.1.0"
        }
      },
      "Cucumber.Messages": {
        "type": "Transitive",
        "resolved": "30.1.0",
        "contentHash": "HDfIzDd7JFDEwiNHpgOHBPEiyVjXQws+CEnVb+Lwiq58jHNA/xYwmTswbqknOxcAejCRFP1de/hHHw+ZuTzV6A=="
      },
      "Gherkin": {
        "type": "Transitive",
        "resolved": "35.0.0",
        "contentHash": "ha+QNevQsXEESbzazUceHTCtKOjoBTBa8kLFdKpu6vSEbb3UMt3a55RG78tIoU/C4qzIqX3jQxaIdIcYGO+IWQ==",
        "dependencies": {
          "Cucumber.Messages": "29.0.1"
        }
      },
      "Microsoft.Bcl.AsyncInterfaces": {
        "type": "Transitive",
        "resolved": "9.0.6",
        "contentHash": "82rLw487j5jBXEi2r3WvA/cagOhcRREVRtet6izzjDMY+i392W5oNSN2KCtuIvlTpyMONEUD0MIlGAgDdsvQ/w=="
      },
      "Microsoft.Extensions.AmbientMetadata.Application": {
        "type": "Transitive",
        "resolved": "10.10.0",
        "contentHash": "Sa4xD2ab5yNRJYt4piS05C9b5Gpd1G3TZpvVJFgHyqLYdRThUNLcLHpREI4yjkmElCjHXoPcF+SHUim9cZ8cvQ==",
        "dependencies": {
          "Microsoft.Extensions.Configuration": "8.0.0",
          "Microsoft.Extensions.Hosting.Abstractions": "8.0.1",
          "Microsoft.Extensions.Options.ConfigurationExtensions": "8.0.0"
        }
      },
      "Microsoft.Extensions.Configuration.Binder": {
        "type": "Transitive",
        "resolved": "10.0.12",
        "contentHash": "dAgIf1TOr8KLs+aBRIbXUZBjHoSH4rDG8+XkX/Q6AZwkQdMA0+yPDKTHsieeXdZDfpOpZVHzOnuAb5Z2nX3KsA==",
        "dependencies": {
          "Microsoft.Extensions.Configuration": "10.0.12",
          "Microsoft.Extensions.Configuration.Abstractions": "10.0.12"
        }
      },
      "Microsoft.Extensions.DependencyInjection": {
        "type": "Transitive",
        "resolved": "8.0.1",
        "contentHash": "BmANAnR5Xd4Oqw7yQ75xOAYODybZQRzdeNucg7kS5wWKd2PNnMdYtJ2Vciy0QLylRmv42DGl5+AFL9izA6F1Rw==",
        "dependencies": {
          "Microsoft.Extensions.DependencyInjection.Abstractions": "8.0.2"
        }
      },
      "Microsoft.Extensions.DependencyInjection.AutoActivation": {
        "type": "Transitive",
        "resolved": "10.10.0",
        "contentHash": "AJ2lFnzzJkN2ZRvfPBKQ5k3EJFkhmsm1tEhWzK58KsxU+WK3GVOh/5WHUhQ56TWjnxGZCGgr0+U1QUuJ4rJVuA==",
        "dependencies": {
          "Microsoft.Extensions.Hosting.Abstractions": "8.0.1"
        }
      },
      "Microsoft.Extensions.DependencyModel": {
        "type": "Transitive",
        "resolved": "8.0.2",
        "contentHash": "mUBDZZRgZrSyFOsJ2qJJ9fXfqd/kXJwf3AiDoqLD9m6TjY5OO/vLNOb9fb4juC0487eq4hcGN/M2Rh/CKS7QYw=="
      },
      "Microsoft.Extensions.Diagnostics.Abstractions": {
        "type": "Transitive",
        "resolved": "10.0.12",
        "contentHash": "fMp91qlRlMOuHfMyp7LuAnOS+MOeWTF1obJmyFcs4nZCXu6pr+QB1AbFJcl2qpBltBrqF/Y7+Rn9IuNcSuctig==",
        "dependencies": {
          "Microsoft.Extensions.DependencyInjection.Abstractions": "10.0.12",
          "Microsoft.Extensions.Options": "10.0.12",
          "System.Diagnostics.DiagnosticSource": "10.0.12"
        }
      },
      "Microsoft.Extensions.FileProviders.Abstractions": {
        "type": "Transitive",
        "resolved": "10.0.12",
        "contentHash": "iQseV6HixWzEYQH4i++84ToIroXnM5jC1TJF4EqBz3lWNG1HBTMYDLkRb6Wm3wk5V6WqSfl7NukO/LYsloGyfg==",
        "dependencies": {
          "Microsoft.Extensions.Primitives": "10.0.12"
        }
      },
      "Microsoft.Extensions.Logging": {
        "type": "Transitive",
        "resolved": "8.0.1",
        "contentHash": "4x+pzsQEbqxhNf1QYRr5TDkLP9UsLT3A6MdRKDDEgrW7h1ljiEPgTNhKYUhNCCAaVpQECVQ+onA91PTPnIp6Lw==",
        "dependencies": {
          "Microsoft.Extensions.DependencyInjection": "8.0.1",
          "Microsoft.Extensions.Logging.Abstractions": "8.0.2",
          "Microsoft.Extensions.Options": "8.0.2"
        }
      },
      "Microsoft.Extensions.Logging.Configuration": {
        "type": "Transitive",
        "resolved": "8.0.1",
        "contentHash": "QWwTrsgOnJMmn+XUslm8D2H1n3PkP/u/v52FODtyBc/k4W9r3i2vcXXeeX/upnzllJYRRbrzVzT0OclfNJtBJA==",
        "dependencies": {
          "Microsoft.Extensions.Configuration": "8.0.0",
          "Microsoft.Extensions.Configuration.Abstractions": "8.0.0",
          "Microsoft.Extensions.Configuration.Binder": "8.0.2",
          "Microsoft.Extensions.DependencyInjection.Abstractions": "8.0.2",
          "Microsoft.Extensions.Logging": "8.0.1",
          "Microsoft.Extensions.Logging.Abstractions": "8.0.2",
          "Microsoft.Extensions.Options": "8.0.2",
          "Microsoft.Extensions.Options.ConfigurationExtensions": "8.0.0"
        }
      },
      "Microsoft.Extensions.Primitives": {
        "type": "Transitive",
        "resolved": "10.0.12",
        "contentHash": "dYfCLR52UA+3DL7C4I/pvSaRPkNqxrUAQmbFL2u0zvYKKzqgrFCJl08Df+F1aYc8leu9JvpC9bsURUdpExcBXQ=="
      },
      "System.Threading.Channels": {
        "type": "Transitive",
        "resolved": "9.0.6",
        "contentHash": "2MaNJVkG2yJiXQbZrrcYoJ55ehV+aX0zqR6rWJkO/Qj7jTsArWthrQ7iWywUf/sE5ylJWX/iLH2kKfwSRdkWsA=="
      },
      "ark.tools.compliance": {
        "type": "Project",
        "dependencies": {
          "Microsoft.Extensions.Compliance.Abstractions": "[10.10.0, )",
          "Microsoft.Extensions.Compliance.Redaction": "[10.10.0, )",
          "Microsoft.Extensions.Telemetry": "[10.10.0, )"
        }
      },
      "Microsoft.Extensions.Compliance.Abstractions": {
        "type": "CentralTransitive",
        "requested": "[10.10.0, )",
        "resolved": "10.10.0",
        "contentHash": "Sh3ujDRJpCMNY4x+43ljCROt4qBOoWfsL8l816RPYZS1S+Tw277r5002rbB15Sh6hFcCT8mGYBO7NtpfSYrQ0Q==",
        "dependencies": {
          "Microsoft.Extensions.DependencyInjection.Abstractions": "8.0.2",
          "Microsoft.Extensions.ObjectPool": "8.0.31"
        }
      },
      "Microsoft.Extensions.Compliance.Redaction": {
        "type": "CentralTransitive",
        "requested": "[10.10.0, )",
        "resolved": "10.10.0",
        "contentHash": "RW0HuSIl5CH/SSLa31MIKc6LPmy3DjtJmf/5LjTTKMmwBeNex6ZnF1Q46vzklAPSQ2BDu/MHL/6G5CBoyWLQAA==",
        "dependencies": {
          "Microsoft.Extensions.Compliance.Abstractions": "10.10.0",
          "Microsoft.Extensions.Options.ConfigurationExtensions": "8.0.0"
        }
      },
      "Microsoft.Extensions.Configuration": {
        "type": "CentralTransitive",
        "requested": "[10.0.12, )",
        "resolved": "10.0.12",
        "contentHash": "e3IPP32CRNL031VZJAUTlCTG0YN7WFh4mN3fsSHTDQCJB+3+f0jGycv4fXk3rrftaY3B85XrQaj7sRthrOsavg==",
        "dependencies": {
          "Microsoft.Extensions.Configuration.Abstractions": "10.0.12",
          "Microsoft.Extensions.Primitives": "10.0.12"
        }
      },
      "Microsoft.Extensions.Configuration.Abstractions": {
        "type": "CentralTransitive",
        "requested": "[10.0.12, )",
        "resolved": "10.0.12",
        "contentHash": "8xaGcvS/qZ1otoxPQCEJkNva389CVL/plNcvIETZhQTETYdRkYDPEYhUMoAGONo4FU45ufdfE0j29AfWVVj0wA==",
        "dependencies": {
          "Microsoft.Extensions.Primitives": "10.0.12"
        }
      },
      "Microsoft.Extensions.DependencyInjection.Abstractions": {
        "type": "CentralTransitive",
        "requested": "[10.0.12, )",
        "resolved": "10.0.12",
        "contentHash": "9/qymSh7hVDMGTGwrLz8MRp5zRyXy9adGDOs4HwRdnLil3oZGYuWeZjbmHgCQ9BL1qBroVfgUK3U/nb61617Cw=="
      },
      "Microsoft.Extensions.Hosting.Abstractions": {
        "type": "CentralTransitive",
        "requested": "[10.0.12, )",
        "resolved": "10.0.12",
        "contentHash": "ZlIxIJtWmrph0Ikj0svSaTkZ+d+ZYpTAhazpf1b3aoFRmlNnNWwkcvqnqT9yKHjKvfBRthvUrkq11OxfItOhpg==",
        "dependencies": {
          "Microsoft.Extensions.Configuration.Abstractions": "10.0.12",
          "Microsoft.Extensions.DependencyInjection.Abstractions": "10.0.12",
          "Microsoft.Extensions.Diagnostics.Abstractions": "10.0.12",
          "Microsoft.Extensions.FileProviders.Abstractions": "10.0.12",
          "Microsoft.Extensions.Logging.Abstractions": "10.0.12"
        }
      },
      "Microsoft.Extensions.Logging.Abstractions": {
        "type": "CentralTransitive",
        "requested": "[10.0.12, )",
        "resolved": "10.0.12",
        "contentHash": "+24lC4plfbEDNfLAdTV/SWKS7dW+16X4HdydO3R++134kSNTzcbYA4KpR1Hdh6uWisB8Za3AzwyOn+K+NxWIug==",
        "dependencies": {
          "Microsoft.Extensions.DependencyInjection.Abstractions": "10.0.12",
          "System.Diagnostics.DiagnosticSource": "10.0.12"
        }
      },
      "Microsoft.Extensions.ObjectPool": {
        "type": "CentralTransitive",
        "requested": "[10.0.12, )",
        "resolved": "10.0.12",
        "contentHash": "opBULzn9F7ZOL8EoFuqM2QjI6x9AG04DFNdnU2ky/kI4aUzbiXEfuy9jvCuu3D/ieccuDHTlalyC62esPD8wGg=="
      },
      "Microsoft.Extensions.Options": {
        "type": "CentralTransitive",
        "requested": "[10.0.12, )",
        "resolved": "10.0.12",
        "contentHash": "TDYD33TSRpXKZWlmTXNlj5kCihxatmv2Ec1u6C+bMYLphCS7PoSLE9Pjd/nunDoE7yETk+LLKjVJX78HYtWjpA==",
        "dependencies": {
          "Microsoft.Extensions.DependencyInjection.Abstractions": "10.0.12",
          "Microsoft.Extensions.Primitives": "10.0.12"
        }
      },
      "Microsoft.Extensions.Options.ConfigurationExtensions": {
        "type": "CentralTransitive",
        "requested": "[10.0.12, )",
        "resolved": "10.0.12",
        "contentHash": "rqpu4qj5WE9x1IHGXSIgHBKi7IUlQaHyp4aXCYIanG2OghlUMFZpZTgExaXwcvmLAJHsxKQWMPpc7D2WIbCVtA==",
        "dependencies": {
          "Microsoft.Extensions.Configuration.Abstractions": "10.0.12",
          "Microsoft.Extensions.Configuration.Binder": "10.0.12",
          "Microsoft.Extensions.DependencyInjection.Abstractions": "10.0.12",
          "Microsoft.Extensions.Options": "10.0.12",
          "Microsoft.Extensions.Primitives": "10.0.12"
        }
      },
      "Microsoft.Extensions.Telemetry": {
        "type": "CentralTransitive",
        "requested": "[10.10.0, )",
        "resolved": "10.10.0",
        "contentHash": "GeJofTliWSVoYAeTfRbnp+TaOUl502yZIcZ+qHFiyOoAIzwTk12eKypnSR9uN2oiHgGW32Y0XN1i+VaQizl0IQ==",
        "dependencies": {
          "Microsoft.Extensions.AmbientMetadata.Application": "10.10.0",
          "Microsoft.Extensions.DependencyInjection.AutoActivation": "10.10.0",
          "Microsoft.Extensions.Logging.Configuration": "8.0.1",
          "Microsoft.Extensions.ObjectPool": "8.0.31",
          "Microsoft.Extensions.Telemetry.Abstractions": "10.10.0"
        }
      },
      "Microsoft.Extensions.Telemetry.Abstractions": {
        "type": "CentralTransitive",
        "requested": "[10.10.0, )",
        "resolved": "10.10.0",
        "contentHash": "I76SAZ95I5lYh4whVZvLpKhpvHI1o21FfGqiASU85GtIVA4ULv+TVIE5+swKhnC63+xI4XjCcIWa9LbyR3pFNw==",
        "dependencies": {
          "Microsoft.Extensions.Compliance.Abstractions": "10.10.0",
          "Microsoft.Extensions.Logging.Abstractions": "8.0.3",
          "Microsoft.Extensions.ObjectPool": "8.0.31",
          "Microsoft.Extensions.Options": "8.0.2"
        }
      },
      "System.Diagnostics.DiagnosticSource": {
        "type": "CentralTransitive",
        "requested": "[10.0.12, )",
        "resolved": "10.0.12",
        "contentHash": "CRZTWYO0rzEcJN/6SuN1kMvQOJT7vyHZ64CCkQs0RRWTj7kH2KMkaMalbsbSI/eg5dS5JAQfQFFuuWgn+XRMsQ=="
      }
    }
  }
}