{
  "version": 2,
  "dependencies": {
    "net10.0": {
      "ErrorProne.NET.CoreAnalyzers": {
        "type": "Direct",
        "requested": "[0.1.2, )",
        "resolved": "0.1.2",
        "contentHash": "RQdzUtFVhwLwisP2Du7Ugm7ldwAzc+QJrlZWNIwHXcgq4b5fLwZgdN1203RdYiHS8OOALophC6yWekxu3UgN2g=="
      },
      "Meziantou.Analyzer": {
        "type": "Direct",
        "requested": "[2.0.276, )",
        "resolved": "2.0.276",
        "contentHash": "3XFEEjrTAhCP23y+g+GDeKcHoJEfb/R4MgIqySKL7rZ4IKdavNeYMu9OjBMWSUJewqOk0qcVt0OtnucfykgCaA=="
      },
      "Microsoft.CodeAnalysis.BannedApiAnalyzers": {
        "type": "Direct",
        "requested": "[4.14.0, )",
        "resolved": "4.14.0",
        "contentHash": "gSWJlDWwmDhtbrEJGiHqvEjz9KthIiFD0qYB8zZ6a7z+xpMSPEtM9yTYELSa58iFWYlzSRqP9FXO6KoT3+ZMtg=="
      },
      "Microsoft.CodeAnalysis.NetAnalyzers": {
        "type": "Direct",
        "requested": "[10.0.101, )",
        "resolved": "10.0.101",
        "contentHash": "nbq9XaN1hXbeaAAaI2Cv9su+TSs8n8iu9VmltGXDmQSTKDXh02AKykGYdHiVeaQaVvwxGJRwjsaTPSPYiD/RNQ=="
      },
      "Microsoft.NET.ILLink.Tasks": {
        "type": "Direct",
        "requested": "[10.0.1, )",
        "resolved": "10.0.1",
        "contentHash": "ISahzLHsHY7vrwqr2p1YWZ+gsxoBRtH7gWRDK8fDUst9pp2He0GiesaqEfeX0V8QMCJM3eNEHGGpnIcPjFo2NQ=="
      },
      "Microsoft.Sbom.Targets": {
        "type": "Direct",
        "requested": "[4.1.5, )",
        "resolved": "4.1.5",
        "contentHash": "i5z+cNu/cOcdO0AgFB8aXk8w6In2H+haaDfSgd9ImvQIK+rSHavHZIogVoAZLL8jLwYx4bAcs5b7EyuMMG4mQQ=="
      },
      "Microsoft.SourceLink.GitHub": {
        "type": "Direct",
        "requested": "[10.0.102, )",
        "resolved": "10.0.102",
        "contentHash": "Oxq3RCIJSdtpIU4hLqO7XaDe/Ra3HS9Wi8rJl838SAg6Zu1iQjerA0+xXWBgUFYbgknUGCLOU0T+lzMLkvY9Qg==",
        "dependencies": {
          "Microsoft.Build.Tasks.Git": "10.0.102",
          "Microsoft.SourceLink.Common": "10.0.102"
        }
      },
      "Microsoft.VisualStudio.Threading.Analyzers": {
        "type": "Direct",
        "requested": "[17.14.15, )",
        "resolved": "17.14.15",
        "contentHash": "mXQPJsbuUD2ydq4/ffd8h8tSOFCXec+2xJOVNCvXjuMOq/+5EKHq3D2m2MC2+nUaXeFMSt66VS/J4HdKBixgcw=="
      },
      "NodaTime": {
        "type": "Direct",
        "requested": "[3.3.0, )",
        "resolved": "3.3.0",
        "contentHash": "zmUEQPp9yXyGAqWSBhxfwdDhRh4EV04lvYn4P5bUb6dTz1m5AXTYaeSLQ447YLPI2Ge5VGFj20G2DWg5gtiXZg=="
      },
      "Polyfill": {
        "type": "Direct",
        "requested": "[9.7.2, )",
        "resolved": "9.7.2",
        "contentHash": "NugbokVZv48G4UueFhFdOJTik7i2ThcuPk9Sw5I+kWQjdxZt4bKIpc74lEtv7MXdaREWJPmMmtjQuRWUX4uyIw=="
      },
      "Microsoft.Build.Tasks.Git": {
        "type": "Transitive",
        "resolved": "10.0.102",
        "contentHash": "0i81LYX31U6UiXz4NOLbvc++u+/mVDmOt+PskrM/MygpDxkv9THKQyRUmavBpLK6iBV0abNWnn+CQgSRz//Pwg=="
      },
      "Microsoft.SourceLink.Common": {
        "type": "Transitive",
        "resolved": "10.0.102",
        "contentHash": "Mk1IMb9q5tahC2NltxYXFkLBtuBvfBoCQ3pIxYQWfzbCE9o1OB9SsHe0hnNGo7lWgTA/ePbFAJLWu6nLL9K17A=="
      }
    },
    "net8.0": {
      "ErrorProne.NET.CoreAnalyzers": {
        "type": "Direct",
        "requested": "[0.1.2, )",
        "resolved": "0.1.2",
        "contentHash": "RQdzUtFVhwLwisP2Du7Ugm7ldwAzc+QJrlZWNIwHXcgq4b5fLwZgdN1203RdYiHS8OOALophC6yWekxu3UgN2g=="
      },
      "Meziantou.Analyzer": {
        "type": "Direct",
        "requested": "[2.0.276, )",
        "resolved": "2.0.276",
        "contentHash": "3XFEEjrTAhCP23y+g+GDeKcHoJEfb/R4MgIqySKL7rZ4IKdavNeYMu9OjBMWSUJewqOk0qcVt0OtnucfykgCaA=="
      },
      "Microsoft.CodeAnalysis.BannedApiAnalyzers": {
        "type": "Direct",
        "requested": "[4.14.0, )",
        "resolved": "4.14.0",
        "contentHash": "gSWJlDWwmDhtbrEJGiHqvEjz9KthIiFD0qYB8zZ6a7z+xpMSPEtM9yTYELSa58iFWYlzSRqP9FXO6KoT3+ZMtg=="
      },
      "Microsoft.CodeAnalysis.NetAnalyzers": {
        "type": "Direct",
        "requested": "[10.0.101, )",
        "resolved": "10.0.101",
        "contentHash": "nbq9XaN1hXbeaAAaI2Cv9su+TSs8n8iu9VmltGXDmQSTKDXh02AKykGYdHiVeaQaVvwxGJRwjsaTPSPYiD/RNQ=="
      },
      "Microsoft.NET.ILLink.Tasks": {
        "type": "Direct",
        "requested": "[8.0.22, )",
        "resolved": "8.0.22",
        "contentHash": "MhcMithKEiyyNkD2ZfbDZPmcOdi0GheGfg8saEIIEfD/fol3iHmcV8TsZkD4ZYz5gdUuoX4YtlVySUU7Sxl9SQ=="
      },
      "Microsoft.Sbom.Targets": {
        "type": "Direct",
        "requested": "[4.1.5, )",
        "resolved": "4.1.5",
        "contentHash": "i5z+cNu/cOcdO0AgFB8aXk8w6In2H+haaDfSgd9ImvQIK+rSHavHZIogVoAZLL8jLwYx4bAcs5b7EyuMMG4mQQ=="
      },
      "Microsoft.SourceLink.GitHub": {
        "type": "Direct",
        "requested": "[10.0.102, )",
        "resolved": "10.0.102",
        "contentHash": "Oxq3RCIJSdtpIU4hLqO7XaDe/Ra3HS9Wi8rJl838SAg6Zu1iQjerA0+xXWBgUFYbgknUGCLOU0T+lzMLkvY9Qg==",
        "dependencies": {
          "Microsoft.Build.Tasks.Git": "10.0.102",
          "Microsoft.SourceLink.Common": "10.0.102"
        }
      },
      "Microsoft.VisualStudio.Threading.Analyzers": {
        "type": "Direct",
        "requested": "[17.14.15, )",
        "resolved": "17.14.15",
        "contentHash": "mXQPJsbuUD2ydq4/ffd8h8tSOFCXec+2xJOVNCvXjuMOq/+5EKHq3D2m2MC2+nUaXeFMSt66VS/J4HdKBixgcw=="
      },
      "NodaTime": {
        "type": "Direct",
        "requested": "[3.3.0, )",
        "resolved": "3.3.0",
        "contentHash": "zmUEQPp9yXyGAqWSBhxfwdDhRh4EV04lvYn4P5bUb6dTz1m5AXTYaeSLQ447YLPI2Ge5VGFj20G2DWg5gtiXZg=="
      },
      "Polyfill": {
        "type": "Direct",
        "requested": "[9.7.2, )",
        "resolved": "9.7.2",
        "contentHash": "NugbokVZv48G4UueFhFdOJTik7i2ThcuPk9Sw5I+kWQjdxZt4bKIpc74lEtv7MXdaREWJPmMmtjQuRWUX4uyIw=="
      },
      "System.Linq.Async": {
        "type": "Direct",
        "requested": "[7.0.0, )",
        "resolved": "7.0.0",
        "contentHash": "A2Wci92Oyuodi8YLMQCJJ0vHqzgRFgEUG1K6tQNcoxHd3w05B1LvGzXvxQnGYPIL4Cr4hicHytpk2F2Jx8TZHg==",
        "dependencies": {
          "System.Interactive.Async": "7.0.0",
          "System.Linq.AsyncEnumerable": "10.0.0"
        }
      },
      "Microsoft.Build.Tasks.Git": {
        "type": "Transitive",
        "resolved": "10.0.102",
        "contentHash": "0i81LYX31U6UiXz4NOLbvc++u+/mVDmOt+PskrM/MygpDxkv9THKQyRUmavBpLK6iBV0abNWnn+CQgSRz//Pwg=="
      },
      "Microsoft.SourceLink.Common": {
        "type": "Transitive",
        "resolved": "10.0.102",
        "contentHash": "Mk1IMb9q5tahC2NltxYXFkLBtuBvfBoCQ3pIxYQWfzbCE9o1OB9SsHe0hnNGo7lWgTA/ePbFAJLWu6nLL9K17A=="
      },
      "System.Interactive.Async": {
        "type": "Transitive",
        "resolved": "7.0.0",
        "contentHash": "Ckj+tg2BVOZ0oLp7FAbjfvRyA/BMkUhVxROLd+x22zncRR6KD7CdFzAYp+9Mo2cedxAMo2X9ZNyhZu68jdDITw==",
        "dependencies": {
          "System.Linq.AsyncEnumerable": "10.0.0"
        }
      },
      "System.Linq.AsyncEnumerable": {
        "type": "Transitive",
        "resolved": "10.0.0",
        "contentHash": "t1jnw7So3eeZVemma+82w+Y394oPX1bebkr3gY3IzyotP3kKC/JWwGRz2WssoUFODWWvkACT2hXliumgCHu9LQ=="
      }
    }
  }
}